
Microsoft Visual Studio Solution File, Format Version 12.00
# Visual Studio 15
VisualStudioVersion = 15.0.26430.14
MinimumVisualStudioVersion = 10.0.40219.1
Project("{8BC9CEB8-8B4A-11D0-8D11-00A0C91BC942}") = "Core", "Core\Core.vcxproj", "{D102ECE8-5875-4B91-8D63-B1AD580D37B1}"
EndProject
Project("{8BC9CEB8-8B4A-11D0-8D11-00A0C91BC942}") = "RenderEngine", "RenderEngine\RenderEngine.vcxproj", "{D329A5B0-8D05-49E5-917E-3CCBBA17011F}"
EndProject
Project("{8BC9CEB8-8B4A-11D0-8D11-00A0C91BC942}") = "Math", "Math\Math.vcxproj", "{99CAC658-AC7E-40D5-8C6F-8301460F6FF4}"
	ProjectSection(ProjectDependencies) = postProject
		{D102ECE8-5875-4B91-8D63-B1AD580D37B1} = {D102ECE8-5875-4B91-8D63-B1AD580D37B1}
	EndProjectSection
EndProject
Project("{8BC9CEB8-8B4A-11D0-8D11-00A0C91BC942}") = "FileFormats", "FileFormats\FileFormats.vcxproj", "{0901D1E4-70DF-43AE-AD1A-6D842B22E977}"
	ProjectSection(ProjectDependencies) = postProject
		{D102ECE8-5875-4B91-8D63-B1AD580D37B1} = {D102ECE8-5875-4B91-8D63-B1AD580D37B1}
	EndProjectSection
EndProject
Project("{8BC9CEB8-8B4A-11D0-8D11-00A0C91BC942}") = "Reflection", "Reflection\Reflection.vcxproj", "{6C660E3F-BA2C-456A-8C69-B6BE81C65F20}"
EndProject
Project("{8BC9CEB8-8B4A-11D0-8D11-00A0C91BC942}") = "ObjectScript", "ObjectScript\ObjectScript.vcxproj", "{5E727D5C-481C-49F7-B7C4-9550C16D1219}"
	ProjectSection(ProjectDependencies) = postProject
		{6C660E3F-BA2C-456A-8C69-B6BE81C65F20} = {6C660E3F-BA2C-456A-8C69-B6BE81C65F20}
		{D102ECE8-5875-4B91-8D63-B1AD580D37B1} = {D102ECE8-5875-4B91-8D63-B1AD580D37B1}
	EndProjectSection
EndProject
Project("{8BC9CEB8-8B4A-11D0-8D11-00A0C91BC942}") = "Rendering", "Rendering\Rendering.vcxproj", "{E43D3D11-257E-4B18-8C01-170057242695}"
	ProjectSection(ProjectDependencies) = postProject
		{99CAC658-AC7E-40D5-8C6F-8301460F6FF4} = {99CAC658-AC7E-40D5-8C6F-8301460F6FF4}
		{91FDFA81-91B9-4A93-A812-2ADF60AB287D} = {91FDFA81-91B9-4A93-A812-2ADF60AB287D}
		{DF18D7D6-8A64-4559-BC60-653CCB089052} = {DF18D7D6-8A64-4559-BC60-653CCB089052}
		{0901D1E4-70DF-43AE-AD1A-6D842B22E977} = {0901D1E4-70DF-43AE-AD1A-6D842B22E977}
		{D102ECE8-5875-4B91-8D63-B1AD580D37B1} = {D102ECE8-5875-4B91-8D63-B1AD580D37B1}
		{AD8AE4F9-0674-4CA5-8E63-4B6E0218945D} = {AD8AE4F9-0674-4CA5-8E63-4B6E0218945D}
	EndProjectSection
EndProject
Project("{8BC9CEB8-8B4A-11D0-8D11-00A0C91BC942}") = "System", "System\System.vcxproj", "{AD8AE4F9-0674-4CA5-8E63-4B6E0218945D}"
EndProject
Project("{8BC9CEB8-8B4A-11D0-8D11-00A0C91BC942}") = "UserInterface", "UserInterface\UserInterface.vcxproj", "{EDA6BD5A-EEA9-4392-A66D-D137006F9371}"
EndProject
Project("{8BC9CEB8-8B4A-11D0-8D11-00A0C91BC942}") = "Image", "Image\Image.vcxproj", "{91FDFA81-91B9-4A93-A812-2ADF60AB287D}"
EndProject
Project("{8BC9CEB8-8B4A-11D0-8D11-00A0C91BC942}") = "ToolsUI", "ToolsUI\ToolsUI.vcxproj", "{54A7B15D-8955-41BA-959A-8C9D8941F923}"
	ProjectSection(ProjectDependencies) = postProject
		{E43D3D11-257E-4B18-8C01-170057242695} = {E43D3D11-257E-4B18-8C01-170057242695}
		{6C660E3F-BA2C-456A-8C69-B6BE81C65F20} = {6C660E3F-BA2C-456A-8C69-B6BE81C65F20}
		{99CAC658-AC7E-40D5-8C6F-8301460F6FF4} = {99CAC658-AC7E-40D5-8C6F-8301460F6FF4}
		{EDA6BD5A-EEA9-4392-A66D-D137006F9371} = {EDA6BD5A-EEA9-4392-A66D-D137006F9371}
		{5E727D5C-481C-49F7-B7C4-9550C16D1219} = {5E727D5C-481C-49F7-B7C4-9550C16D1219}
		{91FDFA81-91B9-4A93-A812-2ADF60AB287D} = {91FDFA81-91B9-4A93-A812-2ADF60AB287D}
		{D329A5B0-8D05-49E5-917E-3CCBBA17011F} = {D329A5B0-8D05-49E5-917E-3CCBBA17011F}
		{0901D1E4-70DF-43AE-AD1A-6D842B22E977} = {0901D1E4-70DF-43AE-AD1A-6D842B22E977}
		{D102ECE8-5875-4B91-8D63-B1AD580D37B1} = {D102ECE8-5875-4B91-8D63-B1AD580D37B1}
		{AD8AE4F9-0674-4CA5-8E63-4B6E0218945D} = {AD8AE4F9-0674-4CA5-8E63-4B6E0218945D}
	EndProjectSection
EndProject
Project("{8BC9CEB8-8B4A-11D0-8D11-00A0C91BC942}") = "Geometry", "Geometry\Geometry.vcxproj", "{DF18D7D6-8A64-4559-BC60-653CCB089052}"
EndProject
Project("{2150E333-8FDC-42A3-9474-1A3956D46DE8}") = "Applications", "Applications", "{DBA7DC5B-6018-492D-91AA-A840946BED17}"
EndProject
Project("{8BC9CEB8-8B4A-11D0-8D11-00A0C91BC942}") = "AppUtils", "Applications\AppUtils\AppUtils.vcxproj", "{6F4A1BC8-CFAF-4BBD-83CF-6843AEC795B1}"
EndProject
Project("{8BC9CEB8-8B4A-11D0-8D11-00A0C91BC942}") = "DemoApplication", "DemoApplication\DemoApplication.vcxproj", "{31A1CC43-1856-4A39-A123-101E1E7F56A1}"
EndProject
Global
	GlobalSection(SolutionConfigurationPlatforms) = preSolution
		Debug|Win32 = Debug|Win32
		Debug|x64 = Debug|x64
		FastDebug|Win32 = FastDebug|Win32
		FastDebug|x64 = FastDebug|x64
		Perf|Win32 = Perf|Win32
		Perf|x64 = Perf|x64
		Release|Win32 = Release|Win32
		Release|x64 = Release|x64
	EndGlobalSection
	GlobalSection(ProjectConfigurationPlatforms) = postSolution
		{D102ECE8-5875-4B91-8D63-B1AD580D37B1}.Debug|Win32.ActiveCfg = Debug|Win32
		{D102ECE8-5875-4B91-8D63-B1AD580D37B1}.Debug|Win32.Build.0 = Debug|Win32
		{D102ECE8-5875-4B91-8D63-B1AD580D37B1}.Debug|x64.ActiveCfg = Debug|x64
		{D102ECE8-5875-4B91-8D63-B1AD580D37B1}.Debug|x64.Build.0 = Debug|x64
		{D102ECE8-5875-4B91-8D63-B1AD580D37B1}.FastDebug|Win32.ActiveCfg = FastDebug|Win32
		{D102ECE8-5875-4B91-8D63-B1AD580D37B1}.FastDebug|Win32.Build.0 = FastDebug|Win32
		{D102ECE8-5875-4B91-8D63-B1AD580D37B1}.FastDebug|x64.ActiveCfg = FastDebug|x64
		{D102ECE8-5875-4B91-8D63-B1AD580D37B1}.FastDebug|x64.Build.0 = FastDebug|x64
		{D102ECE8-5875-4B91-8D63-B1AD580D37B1}.Perf|Win32.ActiveCfg = Perf|Win32
		{D102ECE8-5875-4B91-8D63-B1AD580D37B1}.Perf|Win32.Build.0 = Perf|Win32
		{D102ECE8-5875-4B91-8D63-B1AD580D37B1}.Perf|x64.ActiveCfg = Perf|x64
		{D102ECE8-5875-4B91-8D63-B1AD580D37B1}.Perf|x64.Build.0 = Perf|x64
		{D102ECE8-5875-4B91-8D63-B1AD580D37B1}.Release|Win32.ActiveCfg = Release|Win32
		{D102ECE8-5875-4B91-8D63-B1AD580D37B1}.Release|Win32.Build.0 = Release|Win32
		{D102ECE8-5875-4B91-8D63-B1AD580D37B1}.Release|x64.ActiveCfg = Release|x64
		{D102ECE8-5875-4B91-8D63-B1AD580D37B1}.Release|x64.Build.0 = Release|x64
		{D329A5B0-8D05-49E5-917E-3CCBBA17011F}.Debug|Win32.ActiveCfg = Debug|Win32
		{D329A5B0-8D05-49E5-917E-3CCBBA17011F}.Debug|Win32.Build.0 = Debug|Win32
		{D329A5B0-8D05-49E5-917E-3CCBBA17011F}.Debug|x64.ActiveCfg = Debug|x64
		{D329A5B0-8D05-49E5-917E-3CCBBA17011F}.Debug|x64.Build.0 = Debug|x64
		{D329A5B0-8D05-49E5-917E-3CCBBA17011F}.FastDebug|Win32.ActiveCfg = FastDebug|Win32
		{D329A5B0-8D05-49E5-917E-3CCBBA17011F}.FastDebug|Win32.Build.0 = FastDebug|Win32
		{D329A5B0-8D05-49E5-917E-3CCBBA17011F}.FastDebug|x64.ActiveCfg = FastDebug|x64
		{D329A5B0-8D05-49E5-917E-3CCBBA17011F}.FastDebug|x64.Build.0 = FastDebug|x64
		{D329A5B0-8D05-49E5-917E-3CCBBA17011F}.Perf|Win32.ActiveCfg = Perf|Win32
		{D329A5B0-8D05-49E5-917E-3CCBBA17011F}.Perf|Win32.Build.0 = Perf|Win32
		{D329A5B0-8D05-49E5-917E-3CCBBA17011F}.Perf|x64.ActiveCfg = Perf|x64
		{D329A5B0-8D05-49E5-917E-3CCBBA17011F}.Perf|x64.Build.0 = Perf|x64
		{D329A5B0-8D05-49E5-917E-3CCBBA17011F}.Release|Win32.ActiveCfg = Release|Win32
		{D329A5B0-8D05-49E5-917E-3CCBBA17011F}.Release|Win32.Build.0 = Release|Win32
		{D329A5B0-8D05-49E5-917E-3CCBBA17011F}.Release|x64.ActiveCfg = Release|x64
		{D329A5B0-8D05-49E5-917E-3CCBBA17011F}.Release|x64.Build.0 = Release|x64
		{99CAC658-AC7E-40D5-8C6F-8301460F6FF4}.Debug|Win32.ActiveCfg = Debug|Win32
		{99CAC658-AC7E-40D5-8C6F-8301460F6FF4}.Debug|Win32.Build.0 = Debug|Win32
		{99CAC658-AC7E-40D5-8C6F-8301460F6FF4}.Debug|x64.ActiveCfg = Debug|x64
		{99CAC658-AC7E-40D5-8C6F-8301460F6FF4}.Debug|x64.Build.0 = Debug|x64
		{99CAC658-AC7E-40D5-8C6F-8301460F6FF4}.FastDebug|Win32.ActiveCfg = FastDebug|Win32
		{99CAC658-AC7E-40D5-8C6F-8301460F6FF4}.FastDebug|Win32.Build.0 = FastDebug|Win32
		{99CAC658-AC7E-40D5-8C6F-8301460F6FF4}.FastDebug|x64.ActiveCfg = FastDebug|x64
		{99CAC658-AC7E-40D5-8C6F-8301460F6FF4}.FastDebug|x64.Build.0 = FastDebug|x64
		{99CAC658-AC7E-40D5-8C6F-8301460F6FF4}.Perf|Win32.ActiveCfg = Perf|Win32
		{99CAC658-AC7E-40D5-8C6F-8301460F6FF4}.Perf|Win32.Build.0 = Perf|Win32
		{99CAC658-AC7E-40D5-8C6F-8301460F6FF4}.Perf|x64.ActiveCfg = Perf|x64
		{99CAC658-AC7E-40D5-8C6F-8301460F6FF4}.Perf|x64.Build.0 = Perf|x64
		{99CAC658-AC7E-40D5-8C6F-8301460F6FF4}.Release|Win32.ActiveCfg = Release|Win32
		{99CAC658-AC7E-40D5-8C6F-8301460F6FF4}.Release|Win32.Build.0 = Release|Win32
		{99CAC658-AC7E-40D5-8C6F-8301460F6FF4}.Release|x64.ActiveCfg = Release|x64
		{99CAC658-AC7E-40D5-8C6F-8301460F6FF4}.Release|x64.Build.0 = Release|x64
		{0901D1E4-70DF-43AE-AD1A-6D842B22E977}.Debug|Win32.ActiveCfg = Debug|Win32
		{0901D1E4-70DF-43AE-AD1A-6D842B22E977}.Debug|Win32.Build.0 = Debug|Win32
		{0901D1E4-70DF-43AE-AD1A-6D842B22E977}.Debug|x64.ActiveCfg = Debug|x64
		{0901D1E4-70DF-43AE-AD1A-6D842B22E977}.Debug|x64.Build.0 = Debug|x64
		{0901D1E4-70DF-43AE-AD1A-6D842B22E977}.FastDebug|Win32.ActiveCfg = FastDebug|Win32
		{0901D1E4-70DF-43AE-AD1A-6D842B22E977}.FastDebug|Win32.Build.0 = FastDebug|Win32
		{0901D1E4-70DF-43AE-AD1A-6D842B22E977}.FastDebug|x64.ActiveCfg = FastDebug|x64
		{0901D1E4-70DF-43AE-AD1A-6D842B22E977}.FastDebug|x64.Build.0 = FastDebug|x64
		{0901D1E4-70DF-43AE-AD1A-6D842B22E977}.Perf|Win32.ActiveCfg = Perf|Win32
		{0901D1E4-70DF-43AE-AD1A-6D842B22E977}.Perf|Win32.Build.0 = Perf|Win32
		{0901D1E4-70DF-43AE-AD1A-6D842B22E977}.Perf|x64.ActiveCfg = Perf|x64
		{0901D1E4-70DF-43AE-AD1A-6D842B22E977}.Perf|x64.Build.0 = Perf|x64
		{0901D1E4-70DF-43AE-AD1A-6D842B22E977}.Release|Win32.ActiveCfg = Release|Win32
		{0901D1E4-70DF-43AE-AD1A-6D842B22E977}.Release|Win32.Build.0 = Release|Win32
		{0901D1E4-70DF-43AE-AD1A-6D842B22E977}.Release|x64.ActiveCfg = Release|x64
		{0901D1E4-70DF-43AE-AD1A-6D842B22E977}.Release|x64.Build.0 = Release|x64
		{6C660E3F-BA2C-456A-8C69-B6BE81C65F20}.Debug|Win32.ActiveCfg = Debug|Win32
		{6C660E3F-BA2C-456A-8C69-B6BE81C65F20}.Debug|Win32.Build.0 = Debug|Win32
		{6C660E3F-BA2C-456A-8C69-B6BE81C65F20}.Debug|x64.ActiveCfg = Debug|x64
		{6C660E3F-BA2C-456A-8C69-B6BE81C65F20}.Debug|x64.Build.0 = Debug|x64
		{6C660E3F-BA2C-456A-8C69-B6BE81C65F20}.FastDebug|Win32.ActiveCfg = FastDebug|Win32
		{6C660E3F-BA2C-456A-8C69-B6BE81C65F20}.FastDebug|Win32.Build.0 = FastDebug|Win32
		{6C660E3F-BA2C-456A-8C69-B6BE81C65F20}.FastDebug|x64.ActiveCfg = FastDebug|x64
		{6C660E3F-BA2C-456A-8C69-B6BE81C65F20}.FastDebug|x64.Build.0 = FastDebug|x64
		{6C660E3F-BA2C-456A-8C69-B6BE81C65F20}.Perf|Win32.ActiveCfg = Perf|Win32
		{6C660E3F-BA2C-456A-8C69-B6BE81C65F20}.Perf|Win32.Build.0 = Perf|Win32
		{6C660E3F-BA2C-456A-8C69-B6BE81C65F20}.Perf|x64.ActiveCfg = Perf|x64
		{6C660E3F-BA2C-456A-8C69-B6BE81C65F20}.Perf|x64.Build.0 = Perf|x64
		{6C660E3F-BA2C-456A-8C69-B6BE81C65F20}.Release|Win32.ActiveCfg = Release|Win32
		{6C660E3F-BA2C-456A-8C69-B6BE81C65F20}.Release|Win32.Build.0 = Release|Win32
		{6C660E3F-BA2C-456A-8C69-B6BE81C65F20}.Release|x64.ActiveCfg = Release|x64
		{6C660E3F-BA2C-456A-8C69-B6BE81C65F20}.Release|x64.Build.0 = Release|x64
		{5E727D5C-481C-49F7-B7C4-9550C16D1219}.Debug|Win32.ActiveCfg = Debug|Win32
		{5E727D5C-481C-49F7-B7C4-9550C16D1219}.Debug|Win32.Build.0 = Debug|Win32
		{5E727D5C-481C-49F7-B7C4-9550C16D1219}.Debug|x64.ActiveCfg = Debug|x64
		{5E727D5C-481C-49F7-B7C4-9550C16D1219}.Debug|x64.Build.0 = Debug|x64
		{5E727D5C-481C-49F7-B7C4-9550C16D1219}.FastDebug|Win32.ActiveCfg = FastDebug|Win32
		{5E727D5C-481C-49F7-B7C4-9550C16D1219}.FastDebug|Win32.Build.0 = FastDebug|Win32
		{5E727D5C-481C-49F7-B7C4-9550C16D1219}.FastDebug|x64.ActiveCfg = FastDebug|x64
		{5E727D5C-481C-49F7-B7C4-9550C16D1219}.FastDebug|x64.Build.0 = FastDebug|x64
		{5E727D5C-481C-49F7-B7C4-9550C16D1219}.Perf|Win32.ActiveCfg = Perf|Win32
		{5E727D5C-481C-49F7-B7C4-9550C16D1219}.Perf|Win32.Build.0 = Perf|Win32
		{5E727D5C-481C-49F7-B7C4-9550C16D1219}.Perf|x64.ActiveCfg = Perf|x64
		{5E727D5C-481C-49F7-B7C4-9550C16D1219}.Perf|x64.Build.0 = Perf|x64
		{5E727D5C-481C-49F7-B7C4-9550C16D1219}.Release|Win32.ActiveCfg = Release|Win32
		{5E727D5C-481C-49F7-B7C4-9550C16D1219}.Release|Win32.Build.0 = Release|Win32
		{5E727D5C-481C-49F7-B7C4-9550C16D1219}.Release|x64.ActiveCfg = Release|x64
		{5E727D5C-481C-49F7-B7C4-9550C16D1219}.Release|x64.Build.0 = Release|x64
		{E43D3D11-257E-4B18-8C01-170057242695}.Debug|Win32.ActiveCfg = Debug|Win32
		{E43D3D11-257E-4B18-8C01-170057242695}.Debug|Win32.Build.0 = Debug|Win32
		{E43D3D11-257E-4B18-8C01-170057242695}.Debug|x64.ActiveCfg = Debug|x64
		{E43D3D11-257E-4B18-8C01-170057242695}.Debug|x64.Build.0 = Debug|x64
		{E43D3D11-257E-4B18-8C01-170057242695}.FastDebug|Win32.ActiveCfg = FastDebug|Win32
		{E43D3D11-257E-4B18-8C01-170057242695}.FastDebug|Win32.Build.0 = FastDebug|Win32
		{E43D3D11-257E-4B18-8C01-170057242695}.FastDebug|x64.ActiveCfg = FastDebug|x64
		{E43D3D11-257E-4B18-8C01-170057242695}.FastDebug|x64.Build.0 = FastDebug|x64
		{E43D3D11-257E-4B18-8C01-170057242695}.Perf|Win32.ActiveCfg = Perf|Win32
		{E43D3D11-257E-4B18-8C01-170057242695}.Perf|Win32.Build.0 = Perf|Win32
		{E43D3D11-257E-4B18-8C01-170057242695}.Perf|x64.ActiveCfg = Perf|x64
		{E43D3D11-257E-4B18-8C01-170057242695}.Perf|x64.Build.0 = Perf|x64
		{E43D3D11-257E-4B18-8C01-170057242695}.Release|Win32.ActiveCfg = Release|Win32
		{E43D3D11-257E-4B18-8C01-170057242695}.Release|Win32.Build.0 = Release|Win32
		{E43D3D11-257E-4B18-8C01-170057242695}.Release|x64.ActiveCfg = Release|x64
		{E43D3D11-257E-4B18-8C01-170057242695}.Release|x64.Build.0 = Release|x64
		{AD8AE4F9-0674-4CA5-8E63-4B6E0218945D}.Debug|Win32.ActiveCfg = Debug|Win32
		{AD8AE4F9-0674-4CA5-8E63-4B6E0218945D}.Debug|Win32.Build.0 = Debug|Win32
		{AD8AE4F9-0674-4CA5-8E63-4B6E0218945D}.Debug|x64.ActiveCfg = Debug|x64
		{AD8AE4F9-0674-4CA5-8E63-4B6E0218945D}.Debug|x64.Build.0 = Debug|x64
		{AD8AE4F9-0674-4CA5-8E63-4B6E0218945D}.FastDebug|Win32.ActiveCfg = FastDebug|Win32
		{AD8AE4F9-0674-4CA5-8E63-4B6E0218945D}.FastDebug|Win32.Build.0 = FastDebug|Win32
		{AD8AE4F9-0674-4CA5-8E63-4B6E0218945D}.FastDebug|x64.ActiveCfg = FastDebug|x64
		{AD8AE4F9-0674-4CA5-8E63-4B6E0218945D}.FastDebug|x64.Build.0 = FastDebug|x64
		{AD8AE4F9-0674-4CA5-8E63-4B6E0218945D}.Perf|Win32.ActiveCfg = Perf|Win32
		{AD8AE4F9-0674-4CA5-8E63-4B6E0218945D}.Perf|Win32.Build.0 = Perf|Win32
		{AD8AE4F9-0674-4CA5-8E63-4B6E0218945D}.Perf|x64.ActiveCfg = Perf|x64
		{AD8AE4F9-0674-4CA5-8E63-4B6E0218945D}.Perf|x64.Build.0 = Perf|x64
		{AD8AE4F9-0674-4CA5-8E63-4B6E0218945D}.Release|Win32.ActiveCfg = Release|Win32
		{AD8AE4F9-0674-4CA5-8E63-4B6E0218945D}.Release|Win32.Build.0 = Release|Win32
		{AD8AE4F9-0674-4CA5-8E63-4B6E0218945D}.Release|x64.ActiveCfg = Release|x64
		{AD8AE4F9-0674-4CA5-8E63-4B6E0218945D}.Release|x64.Build.0 = Release|x64
		{EDA6BD5A-EEA9-4392-A66D-D137006F9371}.Debug|Win32.ActiveCfg = Debug|Win32
		{EDA6BD5A-EEA9-4392-A66D-D137006F9371}.Debug|Win32.Build.0 = Debug|Win32
		{EDA6BD5A-EEA9-4392-A66D-D137006F9371}.Debug|x64.ActiveCfg = Debug|x64
		{EDA6BD5A-EEA9-4392-A66D-D137006F9371}.Debug|x64.Build.0 = Debug|x64
		{EDA6BD5A-EEA9-4392-A66D-D137006F9371}.FastDebug|Win32.ActiveCfg = FastDebug|Win32
		{EDA6BD5A-EEA9-4392-A66D-D137006F9371}.FastDebug|Win32.Build.0 = FastDebug|Win32
		{EDA6BD5A-EEA9-4392-A66D-D137006F9371}.FastDebug|x64.ActiveCfg = FastDebug|x64
		{EDA6BD5A-EEA9-4392-A66D-D137006F9371}.FastDebug|x64.Build.0 = FastDebug|x64
		{EDA6BD5A-EEA9-4392-A66D-D137006F9371}.Perf|Win32.ActiveCfg = Perf|Win32
		{EDA6BD5A-EEA9-4392-A66D-D137006F9371}.Perf|Win32.Build.0 = Perf|Win32
		{EDA6BD5A-EEA9-4392-A66D-D137006F9371}.Perf|x64.ActiveCfg = Perf|x64
		{EDA6BD5A-EEA9-4392-A66D-D137006F9371}.Perf|x64.Build.0 = Perf|x64
		{EDA6BD5A-EEA9-4392-A66D-D137006F9371}.Release|Win32.ActiveCfg = Release|Win32
		{EDA6BD5A-EEA9-4392-A66D-D137006F9371}.Release|Win32.Build.0 = Release|Win32
		{EDA6BD5A-EEA9-4392-A66D-D137006F9371}.Release|x64.ActiveCfg = Release|x64
		{EDA6BD5A-EEA9-4392-A66D-D137006F9371}.Release|x64.Build.0 = Release|x64
		{91FDFA81-91B9-4A93-A812-2ADF60AB287D}.Debug|Win32.ActiveCfg = Debug|Win32
		{91FDFA81-91B9-4A93-A812-2ADF60AB287D}.Debug|Win32.Build.0 = Debug|Win32
		{91FDFA81-91B9-4A93-A812-2ADF60AB287D}.Debug|x64.ActiveCfg = Debug|x64
		{91FDFA81-91B9-4A93-A812-2ADF60AB287D}.Debug|x64.Build.0 = Debug|x64
		{91FDFA81-91B9-4A93-A812-2ADF60AB287D}.FastDebug|Win32.ActiveCfg = FastDebug|Win32
		{91FDFA81-91B9-4A93-A812-2ADF60AB287D}.FastDebug|Win32.Build.0 = FastDebug|Win32
		{91FDFA81-91B9-4A93-A812-2ADF60AB287D}.FastDebug|x64.ActiveCfg = FastDebug|x64
		{91FDFA81-91B9-4A93-A812-2ADF60AB287D}.FastDebug|x64.Build.0 = FastDebug|x64
		{91FDFA81-91B9-4A93-A812-2ADF60AB287D}.Perf|Win32.ActiveCfg = Perf|Win32
		{91FDFA81-91B9-4A93-A812-2ADF60AB287D}.Perf|Win32.Build.0 = Perf|Win32
		{91FDFA81-91B9-4A93-A812-2ADF60AB287D}.Perf|x64.ActiveCfg = Perf|x64
		{91FDFA81-91B9-4A93-A812-2ADF60AB287D}.Perf|x64.Build.0 = Perf|x64
		{91FDFA81-91B9-4A93-A812-2ADF60AB287D}.Release|Win32.ActiveCfg = Release|Win32
		{91FDFA81-91B9-4A93-A812-2ADF60AB287D}.Release|Win32.Build.0 = Release|Win32
		{91FDFA81-91B9-4A93-A812-2ADF60AB287D}.Release|x64.ActiveCfg = Release|x64
		{91FDFA81-91B9-4A93-A812-2ADF60AB287D}.Release|x64.Build.0 = Release|x64
		{54A7B15D-8955-41BA-959A-8C9D8941F923}.Debug|Win32.ActiveCfg = Debug|Win32
		{54A7B15D-8955-41BA-959A-8C9D8941F923}.Debug|Win32.Build.0 = Debug|Win32
		{54A7B15D-8955-41BA-959A-8C9D8941F923}.Debug|x64.ActiveCfg = Debug|x64
		{54A7B15D-8955-41BA-959A-8C9D8941F923}.Debug|x64.Build.0 = Debug|x64
		{54A7B15D-8955-41BA-959A-8C9D8941F923}.FastDebug|Win32.ActiveCfg = FastDebug|Win32
		{54A7B15D-8955-41BA-959A-8C9D8941F923}.FastDebug|Win32.Build.0 = FastDebug|Win32
		{54A7B15D-8955-41BA-959A-8C9D8941F923}.FastDebug|x64.ActiveCfg = FastDebug|x64
		{54A7B15D-8955-41BA-959A-8C9D8941F923}.FastDebug|x64.Build.0 = FastDebug|x64
		{54A7B15D-8955-41BA-959A-8C9D8941F923}.Perf|Win32.ActiveCfg = Perf|Win32
		{54A7B15D-8955-41BA-959A-8C9D8941F923}.Perf|Win32.Build.0 = Perf|Win32
		{54A7B15D-8955-41BA-959A-8C9D8941F923}.Perf|x64.ActiveCfg = Perf|x64
		{54A7B15D-8955-41BA-959A-8C9D8941F923}.Perf|x64.Build.0 = Perf|x64
		{54A7B15D-8955-41BA-959A-8C9D8941F923}.Release|Win32.ActiveCfg = Release|Win32
		{54A7B15D-8955-41BA-959A-8C9D8941F923}.Release|Win32.Build.0 = Release|Win32
		{54A7B15D-8955-41BA-959A-8C9D8941F923}.Release|x64.ActiveCfg = Release|x64
		{54A7B15D-8955-41BA-959A-8C9D8941F923}.Release|x64.Build.0 = Release|x64
		{DF18D7D6-8A64-4559-BC60-653CCB089052}.Debug|Win32.ActiveCfg = Debug|Win32
		{DF18D7D6-8A64-4559-BC60-653CCB089052}.Debug|Win32.Build.0 = Debug|Win32
		{DF18D7D6-8A64-4559-BC60-653CCB089052}.Debug|x64.ActiveCfg = Debug|x64
		{DF18D7D6-8A64-4559-BC60-653CCB089052}.Debug|x64.Build.0 = Debug|x64
		{DF18D7D6-8A64-4559-BC60-653CCB089052}.FastDebug|Win32.ActiveCfg = FastDebug|Win32
		{DF18D7D6-8A64-4559-BC60-653CCB089052}.FastDebug|Win32.Build.0 = FastDebug|Win32
		{DF18D7D6-8A64-4559-BC60-653CCB089052}.FastDebug|x64.ActiveCfg = FastDebug|x64
		{DF18D7D6-8A64-4559-BC60-653CCB089052}.FastDebug|x64.Build.0 = FastDebug|x64
		{DF18D7D6-8A64-4559-BC60-653CCB089052}.Perf|Win32.ActiveCfg = Perf|Win32
		{DF18D7D6-8A64-4559-BC60-653CCB089052}.Perf|Win32.Build.0 = Perf|Win32
		{DF18D7D6-8A64-4559-BC60-653CCB089052}.Perf|x64.ActiveCfg = Perf|x64
		{DF18D7D6-8A64-4559-BC60-653CCB089052}.Perf|x64.Build.0 = Perf|x64
		{DF18D7D6-8A64-4559-BC60-653CCB089052}.Release|Win32.ActiveCfg = Release|Win32
		{DF18D7D6-8A64-4559-BC60-653CCB089052}.Release|Win32.Build.0 = Release|Win32
		{DF18D7D6-8A64-4559-BC60-653CCB089052}.Release|x64.ActiveCfg = Release|x64
		{DF18D7D6-8A64-4559-BC60-653CCB089052}.Release|x64.Build.0 = Release|x64
		{6F4A1BC8-CFAF-4BBD-83CF-6843AEC795B1}.Debug|Win32.ActiveCfg = Debug|Win32
		{6F4A1BC8-CFAF-4BBD-83CF-6843AEC795B1}.Debug|Win32.Build.0 = Debug|Win32
		{6F4A1BC8-CFAF-4BBD-83CF-6843AEC795B1}.Debug|x64.ActiveCfg = Debug|x64
		{6F4A1BC8-CFAF-4BBD-83CF-6843AEC795B1}.Debug|x64.Build.0 = Debug|x64
		{6F4A1BC8-CFAF-4BBD-83CF-6843AEC795B1}.FastDebug|Win32.ActiveCfg = FastDebug|Win32
		{6F4A1BC8-CFAF-4BBD-83CF-6843AEC795B1}.FastDebug|Win32.Build.0 = FastDebug|Win32
		{6F4A1BC8-CFAF-4BBD-83CF-6843AEC795B1}.FastDebug|x64.ActiveCfg = FastDebug|x64
		{6F4A1BC8-CFAF-4BBD-83CF-6843AEC795B1}.FastDebug|x64.Build.0 = FastDebug|x64
		{6F4A1BC8-CFAF-4BBD-83CF-6843AEC795B1}.Perf|Win32.ActiveCfg = Perf|Win32
		{6F4A1BC8-CFAF-4BBD-83CF-6843AEC795B1}.Perf|Win32.Build.0 = Perf|Win32
		{6F4A1BC8-CFAF-4BBD-83CF-6843AEC795B1}.Perf|x64.ActiveCfg = Perf|x64
		{6F4A1BC8-CFAF-4BBD-83CF-6843AEC795B1}.Perf|x64.Build.0 = Perf|x64
		{6F4A1BC8-CFAF-4BBD-83CF-6843AEC795B1}.Release|Win32.ActiveCfg = Release|Win32
		{6F4A1BC8-CFAF-4BBD-83CF-6843AEC795B1}.Release|Win32.Build.0 = Release|Win32
		{6F4A1BC8-CFAF-4BBD-83CF-6843AEC795B1}.Release|x64.ActiveCfg = Release|x64
		{6F4A1BC8-CFAF-4BBD-83CF-6843AEC795B1}.Release|x64.Build.0 = Release|x64
		{31A1CC43-1856-4A39-A123-101E1E7F56A1}.Debug|Win32.ActiveCfg = Debug|Win32
		{31A1CC43-1856-4A39-A123-101E1E7F56A1}.Debug|Win32.Build.0 = Debug|Win32
		{31A1CC43-1856-4A39-A123-101E1E7F56A1}.Debug|x64.ActiveCfg = Debug|x64
		{31A1CC43-1856-4A39-A123-101E1E7F56A1}.Debug|x64.Build.0 = Debug|x64
		{31A1CC43-1856-4A39-A123-101E1E7F56A1}.FastDebug|Win32.ActiveCfg = FastDebug|Win32
		{31A1CC43-1856-4A39-A123-101E1E7F56A1}.FastDebug|Win32.Build.0 = FastDebug|Win32
		{31A1CC43-1856-4A39-A123-101E1E7F56A1}.FastDebug|x64.ActiveCfg = FastDebug|x64
		{31A1CC43-1856-4A39-A123-101E1E7F56A1}.FastDebug|x64.Build.0 = FastDebug|x64
		{31A1CC43-1856-4A39-A123-101E1E7F56A1}.Perf|Win32.ActiveCfg = Perf|Win32
		{31A1CC43-1856-4A39-A123-101E1E7F56A1}.Perf|Win32.Build.0 = Perf|Win32
		{31A1CC43-1856-4A39-A123-101E1E7F56A1}.Perf|x64.ActiveCfg = Perf|x64
		{31A1CC43-1856-4A39-A123-101E1E7F56A1}.Perf|x64.Build.0 = Perf|x64
		{31A1CC43-1856-4A39-A123-101E1E7F56A1}.Release|Win32.ActiveCfg = Release|Win32
		{31A1CC43-1856-4A39-A123-101E1E7F56A1}.Release|Win32.Build.0 = Release|Win32
		{31A1CC43-1856-4A39-A123-101E1E7F56A1}.Release|x64.ActiveCfg = Release|x64
		{31A1CC43-1856-4A39-A123-101E1E7F56A1}.Release|x64.Build.0 = Release|x64
	EndGlobalSection
	GlobalSection(SolutionProperties) = preSolution
		HideSolutionNode = FALSE
	EndGlobalSection
	GlobalSection(NestedProjects) = preSolution
		{6F4A1BC8-CFAF-4BBD-83CF-6843AEC795B1} = {DBA7DC5B-6018-492D-91AA-A840946BED17}
	EndGlobalSection
EndGlobal
